
Microsoft Visual Studio Solution File, Format Version 12.00
Project("{FAE04EC0-301F-11D3-BF4B-00C04F79EFBC}") = "Day1", "Day1\Day1.csproj", "{1B505C49-65B2-43F5-9473-79790D9C79DA}"
EndProject
Project("{FAE04EC0-301F-11D3-BF4B-00C04F79EFBC}") = "Test.Utilities", "Test.Utilities\Test.Utilities.csproj", "{2225FA3F-63DC-4E46-A706-11B00DE40FA5}"
EndProject
Global
	GlobalSection(SolutionConfigurationPlatforms) = preSolution
		Debug|Any CPU = Debug|Any CPU
		Release|Any CPU = Release|Any CPU
	EndGlobalSection
	GlobalSection(ProjectConfigurationPlatforms) = postSolution
		{1B505C49-65B2-43F5-9473-79790D9C79DA}.Debug|Any CPU.ActiveCfg = Debug|Any CPU
		{1B505C49-65B2-43F5-9473-79790D9C79DA}.Debug|Any CPU.Build.0 = Debug|Any CPU
		{1B505C49-65B2-43F5-9473-79790D9C79DA}.Release|Any CPU.ActiveCfg = Release|Any CPU
		{1B505C49-65B2-43F5-9473-79790D9C79DA}.Release|Any CPU.Build.0 = Release|Any CPU
		{2225FA3F-63DC-4E46-A706-11B00DE40FA5}.Debug|Any CPU.ActiveCfg = Debug|Any CPU
		{2225FA3F-63DC-4E46-A706-11B00DE40FA5}.Debug|Any CPU.Build.0 = Debug|Any CPU
		{2225FA3F-63DC-4E46-A706-11B00DE40FA5}.Release|Any CPU.ActiveCfg = Release|Any CPU
		{2225FA3F-63DC-4E46-A706-11B00DE40FA5}.Release|Any CPU.Build.0 = Release|Any CPU
	EndGlobalSection
EndGlobal
